
Microsoft Visual Studio Solution File, Format Version 12.00
# Visual Studio 15
VisualStudioVersion = 15.0.26730.16
MinimumVisualStudioVersion = 10.0.40219.1
Project("{FAE04EC0-301F-11D3-BF4B-00C04F79EFBC}") = "ProductsTest", "ProductsTest\ProductsTest.csproj", "{E60C2A77-1AA0-468F-9504-EE825ECADAF4}"
EndProject
Global
	GlobalSection(SolutionConfigurationPlatforms) = preSolution
		Debug|Any CPU = Debug|Any CPU
		Release|Any CPU = Release|Any CPU
	EndGlobalSection
	GlobalSection(ProjectConfigurationPlatforms) = postSolution
		{E60C2A77-1AA0-468F-9504-EE825ECADAF4}.Debug|Any CPU.ActiveCfg = Debug|Any CPU
		{E60C2A77-1AA0-468F-9504-EE825ECADAF4}.Debug|Any CPU.Build.0 = Debug|Any CPU
		{E60C2A77-1AA0-468F-9504-EE825ECADAF4}.Release|Any CPU.ActiveCfg = Release|Any CPU
		{E60C2A77-1AA0-468F-9504-EE825ECADAF4}.Release|Any CPU.Build.0 = Release|Any CPU
	EndGlobalSection
	GlobalSection(SolutionProperties) = preSolution
		HideSolutionNode = FALSE
	EndGlobalSection
	GlobalSection(ExtensibilityGlobals) = postSolution
		SolutionGuid = {4E7964F6-5656-42CD-829C-01A6D87559F5}
	EndGlobalSection
EndGlobal
